
Microsoft Visual Studio Solution File, Format Version 12.00
# Visual Studio Version 16
VisualStudioVersion = 16.0.30413.136
MinimumVisualStudioVersion = 10.0.40219.1
Project("{FAE04EC0-301F-11D3-BF4B-00C04F79EFBC}") = "ConsoleAPP", "ConsoleAPP.csproj", "{3439D53A-7C69-4B44-A850-33C666AF46A2}"
EndProject
Global
	GlobalSection(SolutionConfigurationPlatforms) = preSolution
		Debug|Any CPU = Debug|Any CPU
		Release|Any CPU = Release|Any CPU
	EndGlobalSection
	GlobalSection(ProjectConfigurationPlatforms) = postSolution
		{3439D53A-7C69-4B44-A850-33C666AF46A2}.Debug|Any CPU.ActiveCfg = Debug|Any CPU
		{3439D53A-7C69-4B44-A850-33C666AF46A2}.Debug|Any CPU.Build.0 = Debug|Any CPU
		{3439D53A-7C69-4B44-A850-33C666AF46A2}.Release|Any CPU.ActiveCfg = Release|Any CPU
		{3439D53A-7C69-4B44-A850-33C666AF46A2}.Release|Any CPU.Build.0 = Release|Any CPU
	EndGlobalSection
	GlobalSection(SolutionProperties) = preSolution
		HideSolutionNode = FALSE
	EndGlobalSection
	GlobalSection(ExtensibilityGlobals) = postSolution
		SolutionGuid = {65084DA6-9944-4B3C-A39F-25D02D0F1694}
	EndGlobalSection
EndGlobal
